
Microsoft Visual Studio Solution File, Format Version 12.00
# Visual Studio Version 17
VisualStudioVersion = 17.9.34902.65
MinimumVisualStudioVersion = 10.0.40219.1
Project("{9A19103F-16F7-4668-BE54-9A1E7A4F7556}") = "CSharp_Assignments", "CSharp_Assignments\CSharp_Assignments.csproj", "{F10FB070-A12F-4835-AB95-36A928C6C0B0}"
EndProject
Project("{9A19103F-16F7-4668-BE54-9A1E7A4F7556}") = "Method_Class_Assignment", "Method_Class_Assignment\Method_Class_Assignment.csproj", "{9DDE72BE-4619-49D6-822A-FDA4DFF6C856}"
EndProject
Project("{2150E333-8FDC-42A3-9474-1A3956D46DE8}") = "Solution Items", "Solution Items", "{CA9A666E-0A41-4154-A42F-F29CEB60C68D}"
	ProjectSection(SolutionItems) = preProject
		.gitignore = .gitignore
	EndProjectSection
EndProject
Project("{9A19103F-16F7-4668-BE54-9A1E7A4F7556}") = "Abstract_Class_Assignment", "Abstract_Class_Assignment\Abstract_Class_Assignment.csproj", "{1FC44B1D-A352-4E95-9374-3E318578425B}"
EndProject
Project("{FAE04EC0-301F-11D3-BF4B-00C04F79EFBC}") = "Polymorphism_Assignment", "Polymorphism_Assignment\Polymorphism_Assignment.csproj", "{A497E7B9-F1BE-4EF5-B680-25EE236AA02A}"
EndProject
Global
	GlobalSection(SolutionConfigurationPlatforms) = preSolution
		Debug|Any CPU = Debug|Any CPU
		Release|Any CPU = Release|Any CPU
	EndGlobalSection
	GlobalSection(ProjectConfigurationPlatforms) = postSolution
		{F10FB070-A12F-4835-AB95-36A928C6C0B0}.Debug|Any CPU.ActiveCfg = Debug|Any CPU
		{F10FB070-A12F-4835-AB95-36A928C6C0B0}.Debug|Any CPU.Build.0 = Debug|Any CPU
		{F10FB070-A12F-4835-AB95-36A928C6C0B0}.Release|Any CPU.ActiveCfg = Release|Any CPU
		{F10FB070-A12F-4835-AB95-36A928C6C0B0}.Release|Any CPU.Build.0 = Release|Any CPU
		{9DDE72BE-4619-49D6-822A-FDA4DFF6C856}.Debug|Any CPU.ActiveCfg = Debug|Any CPU
		{9DDE72BE-4619-49D6-822A-FDA4DFF6C856}.Debug|Any CPU.Build.0 = Debug|Any CPU
		{9DDE72BE-4619-49D6-822A-FDA4DFF6C856}.Release|Any CPU.ActiveCfg = Release|Any CPU
		{9DDE72BE-4619-49D6-822A-FDA4DFF6C856}.Release|Any CPU.Build.0 = Release|Any CPU
		{1FC44B1D-A352-4E95-9374-3E318578425B}.Debug|Any CPU.ActiveCfg = Debug|Any CPU
		{1FC44B1D-A352-4E95-9374-3E318578425B}.Debug|Any CPU.Build.0 = Debug|Any CPU
		{1FC44B1D-A352-4E95-9374-3E318578425B}.Release|Any CPU.ActiveCfg = Release|Any CPU
		{1FC44B1D-A352-4E95-9374-3E318578425B}.Release|Any CPU.Build.0 = Release|Any CPU
		{A497E7B9-F1BE-4EF5-B680-25EE236AA02A}.Debug|Any CPU.ActiveCfg = Debug|Any CPU
		{A497E7B9-F1BE-4EF5-B680-25EE236AA02A}.Debug|Any CPU.Build.0 = Debug|Any CPU
		{A497E7B9-F1BE-4EF5-B680-25EE236AA02A}.Release|Any CPU.ActiveCfg = Release|Any CPU
		{A497E7B9-F1BE-4EF5-B680-25EE236AA02A}.Release|Any CPU.Build.0 = Release|Any CPU
	EndGlobalSection
	GlobalSection(SolutionProperties) = preSolution
		HideSolutionNode = FALSE
	EndGlobalSection
	GlobalSection(ExtensibilityGlobals) = postSolution
		SolutionGuid = {1EC672FD-6C07-4649-B79F-CD867186D1CD}
	EndGlobalSection
EndGlobal
