
Microsoft Visual Studio Solution File, Format Version 12.00
# Visual Studio Version 17
VisualStudioVersion = 17.9.34902.65
MinimumVisualStudioVersion = 10.0.40219.1
Project("{FAE04EC0-301F-11D3-BF4B-00C04F79EFBC}") = "CSharp_Assignments", "CSharp_Assignments.csproj", "{E32DB65C-2A01-43A3-BAE4-B7A981EB1DF2}"
EndProject
Global
	GlobalSection(SolutionConfigurationPlatforms) = preSolution
		Debug|Any CPU = Debug|Any CPU
		Release|Any CPU = Release|Any CPU
	EndGlobalSection
	GlobalSection(ProjectConfigurationPlatforms) = postSolution
		{E32DB65C-2A01-43A3-BAE4-B7A981EB1DF2}.Debug|Any CPU.ActiveCfg = Debug|Any CPU
		{E32DB65C-2A01-43A3-BAE4-B7A981EB1DF2}.Debug|Any CPU.Build.0 = Debug|Any CPU
		{E32DB65C-2A01-43A3-BAE4-B7A981EB1DF2}.Release|Any CPU.ActiveCfg = Release|Any CPU
		{E32DB65C-2A01-43A3-BAE4-B7A981EB1DF2}.Release|Any CPU.Build.0 = Release|Any CPU
	EndGlobalSection
	GlobalSection(SolutionProperties) = preSolution
		HideSolutionNode = FALSE
	EndGlobalSection
	GlobalSection(ExtensibilityGlobals) = postSolution
		SolutionGuid = {1EC672FD-6C07-4649-B79F-CD867186D1CD}
	EndGlobalSection
EndGlobal
